<?xml version="1.0" encoding="utf-8"?>
<Project ToolsVersion="4.0" xmlns="http://schemas.microsoft.com/developer/msbuild/2003">
  <ItemGroup>
    <Filter Include="Headers">
      <UniqueIdentifier>{a75aa3d0-485f-4788-ae62-d43c1cdb1e48}</UniqueIdentifier>
    </Filter>
    <Filter Include="Cpp">
      <UniqueIdentifier>{2809c68b-bacc-4b1f-9492-198f781bd901}</UniqueIdentifier>
    </Filter>
  </ItemGroup>
  <ItemGroup>
    <ClInclude Include="..\src\headers\blockrow.h">
      <Filter>Headers</Filter>
    </ClInclude>
    <ClInclude Include="..\src\headers\Blocks.h">
      <Filter>Headers</Filter>
    </ClInclude>
    <ClInclude Include="..\src\headers\cons.h">
      <Filter>Headers</Filter>
    </ClInclude>
    <ClInclude Include="..\src\headers\Game.h">
      <Filter>Headers</Filter>
    </ClInclude>
    <ClInclude Include="..\src\headers\standard_blocks.h">
      <Filter>Headers</Filter>
    </ClInclude>
    <ClInclude Include="..\src\headers\World.h">
      <Filter>Headers</Filter>
    </ClInclude>
  </ItemGroup>
  <ItemGroup>
    <ClCompile Include="..\src\cpp\blockrow.cpp">
      <Filter>Cpp</Filter>
    </ClCompile>
    <ClCompile Include="..\src\cpp\Blocks.cpp">
      <Filter>Cpp</Filter>
    </ClCompile>
    <ClCompile Include="..\src\cpp\cons.cpp">
      <Filter>Cpp</Filter>
    </ClCompile>
    <ClCompile Include="..\src\cpp\Game.cpp">
      <Filter>Cpp</Filter>
    </ClCompile>
    <ClCompile Include="..\src\cpp\standard_blocks.cpp">
      <Filter>Cpp</Filter>
    </ClCompile>
    <ClCompile Include="..\src\cpp\tetris.cpp">
      <Filter>Cpp</Filter>
    </ClCompile>
    <ClCompile Include="..\src\cpp\World.cpp">
      <Filter>Cpp</Filter>
    </ClCompile>
  </ItemGroup>
</Project>